
Microsoft Visual Studio Solution File, Format Version 12.00
# Visual Studio 15
Project("{FAE04EC0-301F-11D3-BF4B-00C04F79EFBC}") = "Assembly-CSharp", "Assembly-CSharp.csproj", "{A37ADD5E-EAF0-4305-F831-62C272DA4BF4}"
EndProject
Project("{FAE04EC0-301F-11D3-BF4B-00C04F79EFBC}") = "Assembly-CSharp-firstpass", "Assembly-CSharp-firstpass.csproj", "{7983E192-3A4F-C050-6BAC-4F00C2860CE9}"
EndProject
Project("{FAE04EC0-301F-11D3-BF4B-00C04F79EFBC}") = "Substance.Platform", "Substance.Platform.csproj", "{ADC6945E-440B-3CC0-4B54-EA45AE63A4FC}"
EndProject
Project("{FAE04EC0-301F-11D3-BF4B-00C04F79EFBC}") = "Assembly-CSharp-Editor-firstpass", "Assembly-CSharp-Editor-firstpass.csproj", "{D48E1FCE-5B59-9574-21FD-BA4F1EB7FE4D}"
EndProject
Project("{FAE04EC0-301F-11D3-BF4B-00C04F79EFBC}") = "Assembly-CSharp-Editor", "Assembly-CSharp-Editor.csproj", "{3CB8F630-66A9-B08C-DC0E-9C679C19D8DC}"
EndProject
Global
	GlobalSection(SolutionConfigurationPlatforms) = preSolution
		Debug|Any CPU = Debug|Any CPU
		Release|Any CPU = Release|Any CPU
	EndGlobalSection
	GlobalSection(ProjectConfigurationPlatforms) = postSolution
		{A37ADD5E-EAF0-4305-F831-62C272DA4BF4}.Debug|Any CPU.ActiveCfg = Debug|Any CPU
		{A37ADD5E-EAF0-4305-F831-62C272DA4BF4}.Debug|Any CPU.Build.0 = Debug|Any CPU
		{A37ADD5E-EAF0-4305-F831-62C272DA4BF4}.Release|Any CPU.ActiveCfg = Release|Any CPU
		{A37ADD5E-EAF0-4305-F831-62C272DA4BF4}.Release|Any CPU.Build.0 = Release|Any CPU
		{7983E192-3A4F-C050-6BAC-4F00C2860CE9}.Debug|Any CPU.ActiveCfg = Debug|Any CPU
		{7983E192-3A4F-C050-6BAC-4F00C2860CE9}.Debug|Any CPU.Build.0 = Debug|Any CPU
		{7983E192-3A4F-C050-6BAC-4F00C2860CE9}.Release|Any CPU.ActiveCfg = Release|Any CPU
		{7983E192-3A4F-C050-6BAC-4F00C2860CE9}.Release|Any CPU.Build.0 = Release|Any CPU
		{ADC6945E-440B-3CC0-4B54-EA45AE63A4FC}.Debug|Any CPU.ActiveCfg = Debug|Any CPU
		{ADC6945E-440B-3CC0-4B54-EA45AE63A4FC}.Debug|Any CPU.Build.0 = Debug|Any CPU
		{ADC6945E-440B-3CC0-4B54-EA45AE63A4FC}.Release|Any CPU.ActiveCfg = Release|Any CPU
		{ADC6945E-440B-3CC0-4B54-EA45AE63A4FC}.Release|Any CPU.Build.0 = Release|Any CPU
		{D48E1FCE-5B59-9574-21FD-BA4F1EB7FE4D}.Debug|Any CPU.ActiveCfg = Debug|Any CPU
		{D48E1FCE-5B59-9574-21FD-BA4F1EB7FE4D}.Debug|Any CPU.Build.0 = Debug|Any CPU
		{D48E1FCE-5B59-9574-21FD-BA4F1EB7FE4D}.Release|Any CPU.ActiveCfg = Release|Any CPU
		{D48E1FCE-5B59-9574-21FD-BA4F1EB7FE4D}.Release|Any CPU.Build.0 = Release|Any CPU
		{3CB8F630-66A9-B08C-DC0E-9C679C19D8DC}.Debug|Any CPU.ActiveCfg = Debug|Any CPU
		{3CB8F630-66A9-B08C-DC0E-9C679C19D8DC}.Debug|Any CPU.Build.0 = Debug|Any CPU
		{3CB8F630-66A9-B08C-DC0E-9C679C19D8DC}.Release|Any CPU.ActiveCfg = Release|Any CPU
		{3CB8F630-66A9-B08C-DC0E-9C679C19D8DC}.Release|Any CPU.Build.0 = Release|Any CPU
	EndGlobalSection
	GlobalSection(SolutionProperties) = preSolution
		HideSolutionNode = FALSE
	EndGlobalSection
EndGlobal
